{
  "name": "teacshare_cyy",
  "version": "1.0.0",
  "lockfileVersion": 1,
  "requires": true,
  "dependencies": {
    "@assemblyscript/loader": {
      "version": "0.10.0",
      "resolved": "https://registry.npm.taobao.org/@assemblyscript/loader/download/@assemblyscript/loader-0.10.0.tgz",
      "integrity": "sha1-DHL8JF1ZcjeAY7AKVTUQAA3jfcA="
    },
    "ansi-regex": {
      "version": "0.2.1",
      "resolved": "https://registry.npm.taobao.org/ansi-regex/download/ansi-regex-0.2.1.tgz",
      "integrity": "sha1-DY6UaWej2BQ/k+JOKYUl/BsiNfk=",
      "dev": true
    },
    "ansi-styles": {
      "version": "1.1.0",
      "resolved": "https://registry.npm.taobao.org/ansi-styles/download/ansi-styles-1.1.0.tgz",
      "integrity": "sha1-6uy/Zs1waIJ2Cy9GkVgrj1XXp94=",
      "dev": true
    },
    "assemblyscript": {
      "version": "0.10.0",
      "resolved": "https://registry.npm.taobao.org/assemblyscript/download/assemblyscript-0.10.0.tgz",
      "integrity": "sha1-DSoFkb53/dKU1yAXLjB+UmpVm6g=",
      "dev": true,
      "requires": {
        "binaryen": "93.0.0-nightly.20200514",
        "long": "^4.0.0"
      }
    },
    "binaryen": {
      "version": "93.0.0-nightly.20200514",
      "resolved": "https://registry.npm.taobao.org/binaryen/download/binaryen-93.0.0-nightly.20200514.tgz",
      "integrity": "sha1-r0mLXZ+BaSVPsM04UGHZS6myex0=",
      "dev": true
    },
    "chalk": {
      "version": "0.5.1",
      "resolved": "https://registry.npm.taobao.org/chalk/download/chalk-0.5.1.tgz",
      "integrity": "sha1-Zjs6ZItotV0EaQ1JFnqoN4WPIXQ=",
      "dev": true,
      "requires": {
        "ansi-styles": "^1.1.0",
        "escape-string-regexp": "^1.0.0",
        "has-ansi": "^0.1.0",
        "strip-ansi": "^0.3.0",
        "supports-color": "^0.2.0"
      }
    },
    "commander": {
      "version": "2.20.3",
      "resolved": "https://registry.npm.taobao.org/commander/download/commander-2.20.3.tgz",
      "integrity": "sha1-/UhehMA+tIgcIHIrpIA16FMa6zM=",
      "dev": true
    },
    "escape-string-regexp": {
      "version": "1.0.5",
      "resolved": "https://registry.npm.taobao.org/escape-string-regexp/download/escape-string-regexp-1.0.5.tgz",
      "integrity": "sha1-G2HAViGQqN/2rjuyzwIAyhMLhtQ=",
      "dev": true
    },
    "file-size": {
      "version": "0.0.5",
      "resolved": "https://registry.npm.taobao.org/file-size/download/file-size-0.0.5.tgz",
      "integrity": "sha1-BX1Dw6Ptc12j+Q1gUqs4Dx5tXjs=",
      "dev": true
    },
    "has-ansi": {
      "version": "0.1.0",
      "resolved": "https://registry.npm.taobao.org/has-ansi/download/has-ansi-0.1.0.tgz",
      "integrity": "sha1-hPJlqujA5qiKEtcCKJS3VoiUxi4=",
      "dev": true,
      "requires": {
        "ansi-regex": "^0.2.0"
      }
    },
    "is-wsl": {
      "version": "1.1.0",
      "resolved": "https://registry.npm.taobao.org/is-wsl/download/is-wsl-1.1.0.tgz",
      "integrity": "sha1-HxbkqiKwTRM2tmGIpmrzxgDDpm0=",
      "dev": true
    },
    "long": {
      "version": "4.0.0",
      "resolved": "https://registry.npm.taobao.org/long/download/long-4.0.0.tgz",
      "integrity": "sha1-mntxz7fTYaGU6lVSQckvdGjVvyg=",
      "dev": true
    },
    "mime": {
      "version": "1.6.0",
      "resolved": "https://registry.npm.taobao.org/mime/download/mime-1.6.0.tgz?cache=0&sync_timestamp=1590596728112&other_urls=https%3A%2F%2Fregistry.npm.taobao.org%2Fmime%2Fdownload%2Fmime-1.6.0.tgz",
      "integrity": "sha1-Ms2eXGRVO9WNGaVor0Uqz/BJgbE=",
      "dev": true
    },
    "opn": {
      "version": "5.5.0",
      "resolved": "https://registry.npm.taobao.org/opn/download/opn-5.5.0.tgz?cache=0&other_urls=https%3A%2F%2Fregistry.npm.taobao.org%2Fopn%2Fdownload%2Fopn-5.5.0.tgz",
      "integrity": "sha1-/HFk+rVtI1kExRw7J9pnWMo7m/w=",
      "dev": true,
      "requires": {
        "is-wsl": "^1.1.0"
      }
    },
    "static-server": {
      "version": "2.2.1",
      "resolved": "https://registry.npm.taobao.org/static-server/download/static-server-2.2.1.tgz",
      "integrity": "sha1-SePK4qABc2sO6eldIdPYQ/yV76o=",
      "dev": true,
      "requires": {
        "chalk": "^0.5.1",
        "commander": "^2.3.0",
        "file-size": "0.0.5",
        "mime": "^1.2.11",
        "opn": "^5.2.0"
      }
    },
    "strip-ansi": {
      "version": "0.3.0",
      "resolved": "https://registry.npm.taobao.org/strip-ansi/download/strip-ansi-0.3.0.tgz",
      "integrity": "sha1-JfSOoiynkYfzF0pNuHWTR7sSYiA=",
      "dev": true,
      "requires": {
        "ansi-regex": "^0.2.1"
      }
    },
    "supports-color": {
      "version": "0.2.0",
      "resolved": "https://registry.npm.taobao.org/supports-color/download/supports-color-0.2.0.tgz?cache=0&sync_timestamp=1569557271992&other_urls=https%3A%2F%2Fregistry.npm.taobao.org%2Fsupports-color%2Fdownload%2Fsupports-color-0.2.0.tgz",
      "integrity": "sha1-2S3iaU6z9nMjlz1649i1W0wiGQo=",
      "dev": true
    }
  }
}
